<?xml version="1.0" encoding="utf-8"?>
<Project ToolsVersion="4.0" xmlns="http://schemas.microsoft.com/developer/msbuild/2003">
  <ItemGroup>
    <Filter Include="Source Files">
      <UniqueIdentifier>{4FC737F1-C7A5-4376-A066-2A32D752A2FF}</UniqueIdentifier>
      <Extensions>cpp;c;cc;cxx;c++;cppm;ixx;def;odl;idl;hpj;bat;asm;asmx</Extensions>
    </Filter>
    <Filter Include="Header Files">
      <UniqueIdentifier>{93995380-89BD-4b04-88EB-625FBE52EBFB}</UniqueIdentifier>
      <Extensions>h;hh;hpp;hxx;h++;hm;inl;inc;ipp;xsd</Extensions>
    </Filter>
    <Filter Include="Resource Files">
      <UniqueIdentifier>{67DA6AB6-F800-4c08-8B7A-83BB121AAD01}</UniqueIdentifier>
      <Extensions>rc;ico;cur;bmp;dlg;rc2;rct;bin;rgs;gif;jpg;jpeg;jpe;resx;tiff;tif;png;wav;mfcribbon-ms</Extensions>
    </Filter>
    <Filter Include="Header Files\environment">
      <UniqueIdentifier>{b5d31e75-95b4-4f61-b931-b0bcd51601d6}</UniqueIdentifier>
    </Filter>
    <Filter Include="Header Files\environment\structs">
      <UniqueIdentifier>{ff024cb5-6b54-4d32-9ae8-a1379ca6da33}</UniqueIdentifier>
    </Filter>
    <Filter Include="Header Files\environment\interfaces">
      <UniqueIdentifier>{63acc79c-2307-48ce-8615-ade7742c5e65}</UniqueIdentifier>
    </Filter>
    <Filter Include="Header Files\environment\abstract">
      <UniqueIdentifier>{9f6504a7-be46-4bb3-a6fe-1f74e89782b7}</UniqueIdentifier>
    </Filter>
    <Filter Include="Header Files\environment\abstract\EntityDerivatives">
      <UniqueIdentifier>{7ac39def-edfd-48f2-b042-ba3dd4cc1832}</UniqueIdentifier>
    </Filter>
    <Filter Include="Header Files\platforms">
      <UniqueIdentifier>{bc984bee-c6c6-4982-804b-093064e8601b}</UniqueIdentifier>
    </Filter>
    <Filter Include="Source Files\platforms">
      <UniqueIdentifier>{8542d259-116c-419a-b2a4-456a81240163}</UniqueIdentifier>
    </Filter>
    <Filter Include="Source Files\platforms\ExamplePlatform">
      <UniqueIdentifier>{a48a9622-ed49-4912-820f-b5ac67711220}</UniqueIdentifier>
    </Filter>
    <Filter Include="Header Files\main_functions">
      <UniqueIdentifier>{c88dbe19-14e5-48bb-98e0-ff1333b5cb69}</UniqueIdentifier>
    </Filter>
    <Filter Include="Header Files\environment\objects">
      <UniqueIdentifier>{771baa7c-20b7-4492-a61a-e3cc85df7f22}</UniqueIdentifier>
    </Filter>
    <Filter Include="Source Files\main_functions">
      <UniqueIdentifier>{174ec6ac-a532-4991-b427-129286fc668e}</UniqueIdentifier>
    </Filter>
    <Filter Include="Source Files\environment">
      <UniqueIdentifier>{95fc02bf-a007-485c-a4fd-e226c87ecd09}</UniqueIdentifier>
    </Filter>
    <Filter Include="Source Files\environment\Platform">
      <UniqueIdentifier>{0e90d8b3-ef77-4b78-a307-daa45e4cad7c}</UniqueIdentifier>
    </Filter>
    <Filter Include="Source Files\environment\objects">
      <UniqueIdentifier>{b7701c00-e370-47f0-9fb9-7a988dd9fa65}</UniqueIdentifier>
    </Filter>
    <Filter Include="Header Files\beings">
      <UniqueIdentifier>{984fda1b-54d0-4e47-9359-668c9f71d80f}</UniqueIdentifier>
    </Filter>
    <Filter Include="Source Files\environment\Being">
      <UniqueIdentifier>{a6c7af82-1cc3-40e0-b331-4c3fe91891c8}</UniqueIdentifier>
    </Filter>
    <Filter Include="Header Files\environment\enumerations">
      <UniqueIdentifier>{c293b5ae-31e2-4edf-8f79-a1652033b4bb}</UniqueIdentifier>
    </Filter>
    <Filter Include="Source Files\beings">
      <UniqueIdentifier>{a317e186-3ebc-4554-b791-e626d1411e52}</UniqueIdentifier>
    </Filter>
    <Filter Include="Source Files\beings\ExampleBeing">
      <UniqueIdentifier>{41f705da-903b-4031-b133-bd8de065a8f6}</UniqueIdentifier>
    </Filter>
    <Filter Include="Source Files\platforms\EventPlatform">
      <UniqueIdentifier>{14ed89a6-8c00-444b-bcca-2aedb7708004}</UniqueIdentifier>
    </Filter>
  </ItemGroup>
  <ItemGroup>
    <ClCompile Include="SFML_platforms.cpp">
      <Filter>Source Files</Filter>
    </ClCompile>
    <ClCompile Include="ExamplePlatform_constructors.cpp">
      <Filter>Source Files\platforms\ExamplePlatform</Filter>
    </ClCompile>
    <ClCompile Include="ExamplePlatform_tick.cpp">
      <Filter>Source Files\platforms\ExamplePlatform</Filter>
    </ClCompile>
    <ClCompile Include="ExamplePlatform_is_living.cpp">
      <Filter>Source Files\platforms\ExamplePlatform</Filter>
    </ClCompile>
    <ClCompile Include="init.cpp">
      <Filter>Source Files\main_functions</Filter>
    </ClCompile>
    <ClCompile Include="tick.cpp">
      <Filter>Source Files\main_functions</Filter>
    </ClCompile>
    <ClCompile Include="handleEvents.cpp">
      <Filter>Source Files\main_functions</Filter>
    </ClCompile>
    <ClCompile Include="draw.cpp">
      <Filter>Source Files\main_functions</Filter>
    </ClCompile>
    <ClCompile Include="iterate.cpp">
      <Filter>Source Files\main_functions</Filter>
    </ClCompile>
    <ClCompile Include="cycle.cpp">
      <Filter>Source Files\main_functions</Filter>
    </ClCompile>
    <ClCompile Include="Platform_draw.cpp">
      <Filter>Source Files\environment\Platform</Filter>
    </ClCompile>
    <ClCompile Include="Platform_constructor.cpp">
      <Filter>Source Files\environment\Platform</Filter>
    </ClCompile>
    <ClCompile Include="platforms.cpp">
      <Filter>Source Files\environment\objects</Filter>
    </ClCompile>
    <ClCompile Include="Being_isCollidingWith.cpp">
      <Filter>Source Files\environment\Being</Filter>
    </ClCompile>
    <ClCompile Include="Being_draw.cpp">
      <Filter>Source Files\environment\Being</Filter>
    </ClCompile>
    <ClCompile Include="Being_constructor.cpp">
      <Filter>Source Files\environment\Being</Filter>
    </ClCompile>
    <ClCompile Include="ExampleBeing_constructor.cpp">
      <Filter>Source Files\beings\ExampleBeing</Filter>
    </ClCompile>
    <ClCompile Include="ExampleBeing_constants.cpp">
      <Filter>Source Files\environment\objects</Filter>
    </ClCompile>
    <ClCompile Include="ExampleBeing_tick.cpp">
      <Filter>Source Files\beings\ExampleBeing</Filter>
    </ClCompile>
    <ClCompile Include="beings.cpp">
      <Filter>Source Files\environment\objects</Filter>
    </ClCompile>
    <ClCompile Include="ExampleBeing_draw.cpp">
      <Filter>Source Files\beings\ExampleBeing</Filter>
    </ClCompile>
    <ClCompile Include="Being_collide.cpp">
      <Filter>Source Files\environment\Being</Filter>
    </ClCompile>
    <ClCompile Include="theClock.cpp">
      <Filter>Source Files\environment\objects</Filter>
    </ClCompile>
    <ClCompile Include="EventPlatform_constructor.cpp">
      <Filter>Source Files\platforms\EventPlatform</Filter>
    </ClCompile>
    <ClCompile Include="EventPlatform_tick.cpp">
      <Filter>Source Files\platforms\EventPlatform</Filter>
    </ClCompile>
    <ClCompile Include="EventPlatform_onKeyPressed.cpp">
      <Filter>Source Files\platforms\EventPlatform</Filter>
    </ClCompile>
  </ItemGroup>
  <ItemGroup>
    <ClInclude Include="point.hpp">
      <Filter>Header Files\environment\structs</Filter>
    </ClInclude>
    <ClInclude Include="Drawable.hpp">
      <Filter>Header Files\environment\interfaces</Filter>
    </ClInclude>
    <ClInclude Include="Ticking.hpp">
      <Filter>Header Files\environment\interfaces</Filter>
    </ClInclude>
    <ClInclude Include="Living.hpp">
      <Filter>Header Files\environment\interfaces</Filter>
    </ClInclude>
    <ClInclude Include="Entity.hpp">
      <Filter>Header Files\environment\abstract</Filter>
    </ClInclude>
    <ClInclude Include="Platform.hpp">
      <Filter>Header Files\environment\abstract\EntityDerivatives</Filter>
    </ClInclude>
    <ClInclude Include="ExamplePlatform.hpp">
      <Filter>Header Files\platforms</Filter>
    </ClInclude>
    <ClInclude Include="window.hpp">
      <Filter>Header Files\environment\objects</Filter>
    </ClInclude>
    <ClInclude Include="thePlatform.hpp">
      <Filter>Header Files\environment\objects</Filter>
    </ClInclude>
    <ClInclude Include="main_functions.hpp">
      <Filter>Header Files\main_functions</Filter>
    </ClInclude>
    <ClInclude Include="platforms.hpp">
      <Filter>Header Files\environment\objects</Filter>
    </ClInclude>
    <ClInclude Include="Being.hpp">
      <Filter>Header Files\environment\abstract\EntityDerivatives</Filter>
    </ClInclude>
    <ClInclude Include="ExampleBeing.hpp">
      <Filter>Header Files\beings</Filter>
    </ClInclude>
    <ClInclude Include="EntityType.hpp">
      <Filter>Header Files\environment\enumerations</Filter>
    </ClInclude>
    <ClInclude Include="ExampleBeing_constants.hpp">
      <Filter>Header Files\environment\objects</Filter>
    </ClInclude>
    <ClInclude Include="theBeing.hpp">
      <Filter>Header Files\environment\objects</Filter>
    </ClInclude>
    <ClInclude Include="beings.hpp">
      <Filter>Header Files\environment\objects</Filter>
    </ClInclude>
    <ClInclude Include="theClock.hpp">
      <Filter>Header Files\environment\objects</Filter>
    </ClInclude>
    <ClInclude Include="EventPlatform.hpp">
      <Filter>Header Files\platforms</Filter>
    </ClInclude>
    <ClInclude Include="theEventPlatform.hpp">
      <Filter>Header Files\environment\objects</Filter>
    </ClInclude>
  </ItemGroup>
</Project>