
Microsoft Visual Studio Solution File, Format Version 12.00
# Visual Studio Version 16
VisualStudioVersion = 16.0.31702.278
MinimumVisualStudioVersion = 10.0.40219.1
Project("{8BC9CEB8-8B4A-11D0-8D11-00A0C91BC942}") = "SFML_platforms", "SFML_platforms.vcxproj", "{E6A31444-AFF6-4B73-BEF4-8D98F8C97D47}"
EndProject
Global
	GlobalSection(SolutionConfigurationPlatforms) = preSolution
		Debug|x64 = Debug|x64
		Debug|x86 = Debug|x86
		Release|x64 = Release|x64
		Release|x86 = Release|x86
	EndGlobalSection
	GlobalSection(ProjectConfigurationPlatforms) = postSolution
		{E6A31444-AFF6-4B73-BEF4-8D98F8C97D47}.Debug|x64.ActiveCfg = Debug|x64
		{E6A31444-AFF6-4B73-BEF4-8D98F8C97D47}.Debug|x64.Build.0 = Debug|x64
		{E6A31444-AFF6-4B73-BEF4-8D98F8C97D47}.Debug|x86.ActiveCfg = Debug|Win32
		{E6A31444-AFF6-4B73-BEF4-8D98F8C97D47}.Debug|x86.Build.0 = Debug|Win32
		{E6A31444-AFF6-4B73-BEF4-8D98F8C97D47}.Release|x64.ActiveCfg = Release|x64
		{E6A31444-AFF6-4B73-BEF4-8D98F8C97D47}.Release|x64.Build.0 = Release|x64
		{E6A31444-AFF6-4B73-BEF4-8D98F8C97D47}.Release|x86.ActiveCfg = Release|Win32
		{E6A31444-AFF6-4B73-BEF4-8D98F8C97D47}.Release|x86.Build.0 = Release|Win32
	EndGlobalSection
	GlobalSection(SolutionProperties) = preSolution
		HideSolutionNode = FALSE
	EndGlobalSection
	GlobalSection(ExtensibilityGlobals) = postSolution
		SolutionGuid = {A44CAE68-A948-4882-B42E-99F67DF77230}
	EndGlobalSection
EndGlobal
